// !$*UTF8*$!
{
	archiveVersion = 1;
	classes = {
	};
	objectVersion = 56;
	objects = {

/* Begin PBXBuildFile section */
		033CE9842BE15AD000FFE279 /* AppDelegate.swift in Sources */ = {isa = PBXBuildFile; fileRef = 033CE9832BE15AD000FFE279 /* AppDelegate.swift */; };
		033CE9862BE15AD000FFE279 /* SceneDelegate.swift in Sources */ = {isa = PBXBuildFile; fileRef = 033CE9852BE15AD000FFE279 /* SceneDelegate.swift */; };
		033CE98D2BE15AD200FFE279 /* Assets.xcassets in Resources */ = {isa = PBXBuildFile; fileRef = 033CE98C2BE15AD200FFE279 /* Assets.xcassets */; };
		033CE9902BE15AD200FFE279 /* Base in Resources */ = {isa = PBXBuildFile; fileRef = 033CE98F2BE15AD200FFE279 /* Base */; };
		033CE9A52BE15AD200FFE279 /* SpaceXLaunchesUITests.swift in Sources */ = {isa = PBXBuildFile; fileRef = 033CE9A42BE15AD200FFE279 /* SpaceXLaunchesUITests.swift */; };
		033CE9A72BE15AD200FFE279 /* SpaceXLaunchesUITestsLaunchTests.swift in Sources */ = {isa = PBXBuildFile; fileRef = 033CE9A62BE15AD200FFE279 /* SpaceXLaunchesUITestsLaunchTests.swift */; };
		033CE9B72BE15BA900FFE279 /* Network.swift in Sources */ = {isa = PBXBuildFile; fileRef = 033CE9B62BE15BA900FFE279 /* Network.swift */; };
		033CE9BC2BE15BDF00FFE279 /* Paths.swift in Sources */ = {isa = PBXBuildFile; fileRef = 033CE9BB2BE15BDF00FFE279 /* Paths.swift */; };
		033CE9BE2BE15BF000FFE279 /* NetworkError.swift in Sources */ = {isa = PBXBuildFile; fileRef = 033CE9BD2BE15BF000FFE279 /* NetworkError.swift */; };
		033CE9C02BE15C1100FFE279 /* APIHandler.swift in Sources */ = {isa = PBXBuildFile; fileRef = 033CE9BF2BE15C1100FFE279 /* APIHandler.swift */; };
		033CE9C22BE15C2D00FFE279 /* ResponseHandler.swift in Sources */ = {isa = PBXBuildFile; fileRef = 033CE9C12BE15C2D00FFE279 /* ResponseHandler.swift */; };
		033CE9C82BE15D1100FFE279 /* MissionListViewController.swift in Sources */ = {isa = PBXBuildFile; fileRef = 033CE9C72BE15D1100FFE279 /* MissionListViewController.swift */; };
		033CE9CB2BE15DCD00FFE279 /* Configuration.plist in Resources */ = {isa = PBXBuildFile; fileRef = 033CE9CA2BE15DCD00FFE279 /* Configuration.plist */; };
		033CE9CD2BE169A200FFE279 /* Configuration.swift in Sources */ = {isa = PBXBuildFile; fileRef = 033CE9CC2BE169A200FFE279 /* Configuration.swift */; };
		033CE9CF2BE16BF100FFE279 /* MissionListViewModel.swift in Sources */ = {isa = PBXBuildFile; fileRef = 033CE9CE2BE16BF100FFE279 /* MissionListViewModel.swift */; };
		033CE9D22BE1751D00FFE279 /* Constants.swift in Sources */ = {isa = PBXBuildFile; fileRef = 033CE9D12BE1751D00FFE279 /* Constants.swift */; };
		033CE9D42BE1768000FFE279 /* HTTPMethod.swift in Sources */ = {isa = PBXBuildFile; fileRef = 033CE9D32BE1768000FFE279 /* HTTPMethod.swift */; };
		033CE9D62BE1770100FFE279 /* APIClient.swift in Sources */ = {isa = PBXBuildFile; fileRef = 033CE9D52BE1770100FFE279 /* APIClient.swift */; };
		033CE9D82BE1771A00FFE279 /* APIEndpoint.swift in Sources */ = {isa = PBXBuildFile; fileRef = 033CE9D72BE1771A00FFE279 /* APIEndpoint.swift */; };
		033CE9E32BE17DEC00FFE279 /* Launches.swift in Sources */ = {isa = PBXBuildFile; fileRef = 033CE9DB2BE17DEB00FFE279 /* Launches.swift */; };
		033CE9E42BE17DEC00FFE279 /* Cores.swift in Sources */ = {isa = PBXBuildFile; fileRef = 033CE9DC2BE17DEB00FFE279 /* Cores.swift */; };
		033CE9E52BE17DEC00FFE279 /* Docs.swift in Sources */ = {isa = PBXBuildFile; fileRef = 033CE9DD2BE17DEB00FFE279 /* Docs.swift */; };
		033CE9E62BE17DEC00FFE279 /* Patch.swift in Sources */ = {isa = PBXBuildFile; fileRef = 033CE9DE2BE17DEC00FFE279 /* Patch.swift */; };
		033CE9E72BE17DEC00FFE279 /* Flickr.swift in Sources */ = {isa = PBXBuildFile; fileRef = 033CE9DF2BE17DEC00FFE279 /* Flickr.swift */; };
		033CE9E82BE17DEC00FFE279 /* Links.swift in Sources */ = {isa = PBXBuildFile; fileRef = 033CE9E02BE17DEC00FFE279 /* Links.swift */; };
		033CE9E92BE17DEC00FFE279 /* Reddit.swift in Sources */ = {isa = PBXBuildFile; fileRef = 033CE9E12BE17DEC00FFE279 /* Reddit.swift */; };
		033CE9EA2BE17DEC00FFE279 /* Crew.swift in Sources */ = {isa = PBXBuildFile; fileRef = 033CE9E22BE17DEC00FFE279 /* Crew.swift */; };
		033CE9EC2BE1809600FFE279 /* LaunchesListService.swift in Sources */ = {isa = PBXBuildFile; fileRef = 033CE9EB2BE1809600FFE279 /* LaunchesListService.swift */; };
		033CE9EE2BE180C500FFE279 /* LaunchesAPI.swift in Sources */ = {isa = PBXBuildFile; fileRef = 033CE9ED2BE180C500FFE279 /* LaunchesAPI.swift */; };
		033CE9F52BE1827900FFE279 /* Sort.swift in Sources */ = {isa = PBXBuildFile; fileRef = 033CE9F12BE1827900FFE279 /* Sort.swift */; };
		033CE9F62BE1827900FFE279 /* QueryDTO.swift in Sources */ = {isa = PBXBuildFile; fileRef = 033CE9F22BE1827900FFE279 /* QueryDTO.swift */; };
		033CE9F72BE1827900FFE279 /* Query.swift in Sources */ = {isa = PBXBuildFile; fileRef = 033CE9F32BE1827900FFE279 /* Query.swift */; };
		033CE9F82BE1827900FFE279 /* Options.swift in Sources */ = {isa = PBXBuildFile; fileRef = 033CE9F42BE1827900FFE279 /* Options.swift */; };
		033CE9FA2BE1866600FFE279 /* Encodable+Extension.swift in Sources */ = {isa = PBXBuildFile; fileRef = 033CE9F92BE1866600FFE279 /* Encodable+Extension.swift */; };
		033CE9FD2BE19A0700FFE279 /* Dictionary+Extension.swift in Sources */ = {isa = PBXBuildFile; fileRef = 033CE9FC2BE19A0700FFE279 /* Dictionary+Extension.swift */; };
		033CE9FF2BE1A1E400FFE279 /* Fairings.swift in Sources */ = {isa = PBXBuildFile; fileRef = 033CE9FE2BE1A1E400FFE279 /* Fairings.swift */; };
		033CEA012BE1A2E300FFE279 /* Failures.swift in Sources */ = {isa = PBXBuildFile; fileRef = 033CEA002BE1A2E300FFE279 /* Failures.swift */; };
		0390F62A2BE432CC00800291 /* MissionTableViewCell.swift in Sources */ = {isa = PBXBuildFile; fileRef = 0390F6292BE432CC00800291 /* MissionTableViewCell.swift */; };
		0390F62F2BE4371E00800291 /* MissionDetailsViewController.swift in Sources */ = {isa = PBXBuildFile; fileRef = 0390F62E2BE4371E00800291 /* MissionDetailsViewController.swift */; };
		0390F6312BE4373800800291 /* MissionDetailsViewModel.swift in Sources */ = {isa = PBXBuildFile; fileRef = 0390F6302BE4373800800291 /* MissionDetailsViewModel.swift */; };
		0390F6332BE43E4800800291 /* UIView+Extension.swift in Sources */ = {isa = PBXBuildFile; fileRef = 0390F6322BE43E4800800291 /* UIView+Extension.swift */; };
		0390F6362BE4462400800291 /* ReusableIdentifiable.swift in Sources */ = {isa = PBXBuildFile; fileRef = 0390F6352BE4462400800291 /* ReusableIdentifiable.swift */; };
		0390F6392BE450ED00800291 /* String+Extension.swift in Sources */ = {isa = PBXBuildFile; fileRef = 0390F6382BE450ED00800291 /* String+Extension.swift */; };
		03DC2F5F2BE554930097B963 /* MissionDetailsService.swift in Sources */ = {isa = PBXBuildFile; fileRef = 03DC2F5E2BE554930097B963 /* MissionDetailsService.swift */; };
		03DC2F622BE570D10097B963 /* Storage.swift in Sources */ = {isa = PBXBuildFile; fileRef = 03DC2F612BE570D10097B963 /* Storage.swift */; };
		03DC2F642BE570F10097B963 /* UserDefaultsStorage.swift in Sources */ = {isa = PBXBuildFile; fileRef = 03DC2F632BE570F10097B963 /* UserDefaultsStorage.swift */; };
		03DC2F662BE7FE2E0097B963 /* UIImageView+Extension.swift in Sources */ = {isa = PBXBuildFile; fileRef = 03DC2F652BE7FE2E0097B963 /* UIImageView+Extension.swift */; };
		03DC2F682BE808670097B963 /* CombineCompatible+Extension.swift in Sources */ = {isa = PBXBuildFile; fileRef = 03DC2F672BE808670097B963 /* CombineCompatible+Extension.swift */; };
		03DC2F6F2BE82ACD0097B963 /* ReuseIdentifiable+Extension.swift in Sources */ = {isa = PBXBuildFile; fileRef = 03DC2F6E2BE82ACD0097B963 /* ReuseIdentifiable+Extension.swift */; };
		03DC2F722BE847C50097B963 /* MockMissionListService.swift in Sources */ = {isa = PBXBuildFile; fileRef = 03DC2F712BE847C50097B963 /* MockMissionListService.swift */; };
		03DC2F752BE8488C0097B963 /* mockJSON.json in Resources */ = {isa = PBXBuildFile; fileRef = 03DC2F742BE8488C0097B963 /* mockJSON.json */; };
		03DC2F792BE849610097B963 /* MissionListServiceTest.swift in Sources */ = {isa = PBXBuildFile; fileRef = 03DC2F782BE849610097B963 /* MissionListServiceTest.swift */; };
		03DC2F7C2BE8511B0097B963 /* UserDefaultsStorageTest.swift in Sources */ = {isa = PBXBuildFile; fileRef = 03DC2F7B2BE8511B0097B963 /* UserDefaultsStorageTest.swift */; };
		03EC52722BE4CEB7006BD0BE /* Coordinator.swift in Sources */ = {isa = PBXBuildFile; fileRef = 03EC52712BE4CEB7006BD0BE /* Coordinator.swift */; };
		03EC52742BE4CFAF006BD0BE /* MissionCoordinator.swift in Sources */ = {isa = PBXBuildFile; fileRef = 03EC52732BE4CFAF006BD0BE /* MissionCoordinator.swift */; };
/* End PBXBuildFile section */

/* Begin PBXContainerItemProxy section */
		033CE9972BE15AD200FFE279 /* PBXContainerItemProxy */ = {
			isa = PBXContainerItemProxy;
			containerPortal = 033CE9782BE15AD000FFE279 /* Project object */;
			proxyType = 1;
			remoteGlobalIDString = 033CE97F2BE15AD000FFE279;
			remoteInfo = SpaceXLaunches;
		};
		033CE9A12BE15AD200FFE279 /* PBXContainerItemProxy */ = {
			isa = PBXContainerItemProxy;
			containerPortal = 033CE9782BE15AD000FFE279 /* Project object */;
			proxyType = 1;
			remoteGlobalIDString = 033CE97F2BE15AD000FFE279;
			remoteInfo = SpaceXLaunches;
		};
/* End PBXContainerItemProxy section */

/* Begin PBXFileReference section */
		033CE9802BE15AD000FFE279 /* SpaceXLaunches.app */ = {isa = PBXFileReference; explicitFileType = wrapper.application; includeInIndex = 0; path = SpaceXLaunches.app; sourceTree = BUILT_PRODUCTS_DIR; };
		033CE9832BE15AD000FFE279 /* AppDelegate.swift */ = {isa = PBXFileReference; lastKnownFileType = sourcecode.swift; path = AppDelegate.swift; sourceTree = "<group>"; };
		033CE9852BE15AD000FFE279 /* SceneDelegate.swift */ = {isa = PBXFileReference; lastKnownFileType = sourcecode.swift; path = SceneDelegate.swift; sourceTree = "<group>"; };
		033CE98C2BE15AD200FFE279 /* Assets.xcassets */ = {isa = PBXFileReference; lastKnownFileType = folder.assetcatalog; path = Assets.xcassets; sourceTree = "<group>"; };
		033CE98F2BE15AD200FFE279 /* Base */ = {isa = PBXFileReference; lastKnownFileType = file.storyboard; name = Base; path = Base.lproj/LaunchScreen.storyboard; sourceTree = "<group>"; };
		033CE9912BE15AD200FFE279 /* Info.plist */ = {isa = PBXFileReference; lastKnownFileType = text.plist.xml; path = Info.plist; sourceTree = "<group>"; };
		033CE9962BE15AD200FFE279 /* SpaceXLaunchesTests.xctest */ = {isa = PBXFileReference; explicitFileType = wrapper.cfbundle; includeInIndex = 0; path = SpaceXLaunchesTests.xctest; sourceTree = BUILT_PRODUCTS_DIR; };
		033CE9A02BE15AD200FFE279 /* SpaceXLaunchesUITests.xctest */ = {isa = PBXFileReference; explicitFileType = wrapper.cfbundle; includeInIndex = 0; path = SpaceXLaunchesUITests.xctest; sourceTree = BUILT_PRODUCTS_DIR; };
		033CE9A42BE15AD200FFE279 /* SpaceXLaunchesUITests.swift */ = {isa = PBXFileReference; lastKnownFileType = sourcecode.swift; path = SpaceXLaunchesUITests.swift; sourceTree = "<group>"; };
		033CE9A62BE15AD200FFE279 /* SpaceXLaunchesUITestsLaunchTests.swift */ = {isa = PBXFileReference; lastKnownFileType = sourcecode.swift; path = SpaceXLaunchesUITestsLaunchTests.swift; sourceTree = "<group>"; };
		033CE9B62BE15BA900FFE279 /* Network.swift */ = {isa = PBXFileReference; lastKnownFileType = sourcecode.swift; path = Network.swift; sourceTree = "<group>"; };
		033CE9BB2BE15BDF00FFE279 /* Paths.swift */ = {isa = PBXFileReference; lastKnownFileType = sourcecode.swift; path = Paths.swift; sourceTree = "<group>"; };
		033CE9BD2BE15BF000FFE279 /* NetworkError.swift */ = {isa = PBXFileReference; lastKnownFileType = sourcecode.swift; path = NetworkError.swift; sourceTree = "<group>"; };
		033CE9BF2BE15C1100FFE279 /* APIHandler.swift */ = {isa = PBXFileReference; lastKnownFileType = sourcecode.swift; path = APIHandler.swift; sourceTree = "<group>"; };
		033CE9C12BE15C2D00FFE279 /* ResponseHandler.swift */ = {isa = PBXFileReference; lastKnownFileType = sourcecode.swift; path = ResponseHandler.swift; sourceTree = "<group>"; };
		033CE9C72BE15D1100FFE279 /* MissionListViewController.swift */ = {isa = PBXFileReference; lastKnownFileType = sourcecode.swift; path = MissionListViewController.swift; sourceTree = "<group>"; };
		033CE9CA2BE15DCD00FFE279 /* Configuration.plist */ = {isa = PBXFileReference; lastKnownFileType = text.plist.xml; path = Configuration.plist; sourceTree = "<group>"; };
		033CE9CC2BE169A200FFE279 /* Configuration.swift */ = {isa = PBXFileReference; lastKnownFileType = sourcecode.swift; path = Configuration.swift; sourceTree = "<group>"; };
		033CE9CE2BE16BF100FFE279 /* MissionListViewModel.swift */ = {isa = PBXFileReference; lastKnownFileType = sourcecode.swift; path = MissionListViewModel.swift; sourceTree = "<group>"; };
		033CE9D12BE1751D00FFE279 /* Constants.swift */ = {isa = PBXFileReference; lastKnownFileType = sourcecode.swift; path = Constants.swift; sourceTree = "<group>"; };
		033CE9D32BE1768000FFE279 /* HTTPMethod.swift */ = {isa = PBXFileReference; lastKnownFileType = sourcecode.swift; path = HTTPMethod.swift; sourceTree = "<group>"; };
		033CE9D52BE1770100FFE279 /* APIClient.swift */ = {isa = PBXFileReference; lastKnownFileType = sourcecode.swift; path = APIClient.swift; sourceTree = "<group>"; };
		033CE9D72BE1771A00FFE279 /* APIEndpoint.swift */ = {isa = PBXFileReference; lastKnownFileType = sourcecode.swift; path = APIEndpoint.swift; sourceTree = "<group>"; };
		033CE9DB2BE17DEB00FFE279 /* Launches.swift */ = {isa = PBXFileReference; fileEncoding = 4; lastKnownFileType = sourcecode.swift; path = Launches.swift; sourceTree = "<group>"; };
		033CE9DC2BE17DEB00FFE279 /* Cores.swift */ = {isa = PBXFileReference; fileEncoding = 4; lastKnownFileType = sourcecode.swift; path = Cores.swift; sourceTree = "<group>"; };
		033CE9DD2BE17DEB00FFE279 /* Docs.swift */ = {isa = PBXFileReference; fileEncoding = 4; lastKnownFileType = sourcecode.swift; path = Docs.swift; sourceTree = "<group>"; };
		033CE9DE2BE17DEC00FFE279 /* Patch.swift */ = {isa = PBXFileReference; fileEncoding = 4; lastKnownFileType = sourcecode.swift; path = Patch.swift; sourceTree = "<group>"; };
		033CE9DF2BE17DEC00FFE279 /* Flickr.swift */ = {isa = PBXFileReference; fileEncoding = 4; lastKnownFileType = sourcecode.swift; path = Flickr.swift; sourceTree = "<group>"; };
		033CE9E02BE17DEC00FFE279 /* Links.swift */ = {isa = PBXFileReference; fileEncoding = 4; lastKnownFileType = sourcecode.swift; path = Links.swift; sourceTree = "<group>"; };
		033CE9E12BE17DEC00FFE279 /* Reddit.swift */ = {isa = PBXFileReference; fileEncoding = 4; lastKnownFileType = sourcecode.swift; path = Reddit.swift; sourceTree = "<group>"; };
		033CE9E22BE17DEC00FFE279 /* Crew.swift */ = {isa = PBXFileReference; fileEncoding = 4; lastKnownFileType = sourcecode.swift; path = Crew.swift; sourceTree = "<group>"; };
		033CE9EB2BE1809600FFE279 /* LaunchesListService.swift */ = {isa = PBXFileReference; lastKnownFileType = sourcecode.swift; path = LaunchesListService.swift; sourceTree = "<group>"; };
		033CE9ED2BE180C500FFE279 /* LaunchesAPI.swift */ = {isa = PBXFileReference; lastKnownFileType = sourcecode.swift; path = LaunchesAPI.swift; sourceTree = "<group>"; };
		033CE9F12BE1827900FFE279 /* Sort.swift */ = {isa = PBXFileReference; fileEncoding = 4; lastKnownFileType = sourcecode.swift; path = Sort.swift; sourceTree = "<group>"; };
		033CE9F22BE1827900FFE279 /* QueryDTO.swift */ = {isa = PBXFileReference; fileEncoding = 4; lastKnownFileType = sourcecode.swift; path = QueryDTO.swift; sourceTree = "<group>"; };
		033CE9F32BE1827900FFE279 /* Query.swift */ = {isa = PBXFileReference; fileEncoding = 4; lastKnownFileType = sourcecode.swift; path = Query.swift; sourceTree = "<group>"; };
		033CE9F42BE1827900FFE279 /* Options.swift */ = {isa = PBXFileReference; fileEncoding = 4; lastKnownFileType = sourcecode.swift; path = Options.swift; sourceTree = "<group>"; };
		033CE9F92BE1866600FFE279 /* Encodable+Extension.swift */ = {isa = PBXFileReference; lastKnownFileType = sourcecode.swift; path = "Encodable+Extension.swift"; sourceTree = "<group>"; };
		033CE9FC2BE19A0700FFE279 /* Dictionary+Extension.swift */ = {isa = PBXFileReference; lastKnownFileType = sourcecode.swift; path = "Dictionary+Extension.swift"; sourceTree = "<group>"; };
		033CE9FE2BE1A1E400FFE279 /* Fairings.swift */ = {isa = PBXFileReference; fileEncoding = 4; lastKnownFileType = sourcecode.swift; path = Fairings.swift; sourceTree = "<group>"; };
		033CEA002BE1A2E300FFE279 /* Failures.swift */ = {isa = PBXFileReference; fileEncoding = 4; lastKnownFileType = sourcecode.swift; path = Failures.swift; sourceTree = "<group>"; };
		0390F6292BE432CC00800291 /* MissionTableViewCell.swift */ = {isa = PBXFileReference; lastKnownFileType = sourcecode.swift; path = MissionTableViewCell.swift; sourceTree = "<group>"; };
		0390F62E2BE4371E00800291 /* MissionDetailsViewController.swift */ = {isa = PBXFileReference; lastKnownFileType = sourcecode.swift; path = MissionDetailsViewController.swift; sourceTree = "<group>"; };
		0390F6302BE4373800800291 /* MissionDetailsViewModel.swift */ = {isa = PBXFileReference; lastKnownFileType = sourcecode.swift; path = MissionDetailsViewModel.swift; sourceTree = "<group>"; };
		0390F6322BE43E4800800291 /* UIView+Extension.swift */ = {isa = PBXFileReference; lastKnownFileType = sourcecode.swift; path = "UIView+Extension.swift"; sourceTree = "<group>"; };
		0390F6352BE4462400800291 /* ReusableIdentifiable.swift */ = {isa = PBXFileReference; lastKnownFileType = sourcecode.swift; path = ReusableIdentifiable.swift; sourceTree = "<group>"; };
		0390F6382BE450ED00800291 /* String+Extension.swift */ = {isa = PBXFileReference; lastKnownFileType = sourcecode.swift; path = "String+Extension.swift"; sourceTree = "<group>"; };
		03DC2F5E2BE554930097B963 /* MissionDetailsService.swift */ = {isa = PBXFileReference; lastKnownFileType = sourcecode.swift; path = MissionDetailsService.swift; sourceTree = "<group>"; };
		03DC2F612BE570D10097B963 /* Storage.swift */ = {isa = PBXFileReference; lastKnownFileType = sourcecode.swift; path = Storage.swift; sourceTree = "<group>"; };
		03DC2F632BE570F10097B963 /* UserDefaultsStorage.swift */ = {isa = PBXFileReference; lastKnownFileType = sourcecode.swift; path = UserDefaultsStorage.swift; sourceTree = "<group>"; };
		03DC2F652BE7FE2E0097B963 /* UIImageView+Extension.swift */ = {isa = PBXFileReference; lastKnownFileType = sourcecode.swift; path = "UIImageView+Extension.swift"; sourceTree = "<group>"; };
		03DC2F672BE808670097B963 /* CombineCompatible+Extension.swift */ = {isa = PBXFileReference; lastKnownFileType = sourcecode.swift; path = "CombineCompatible+Extension.swift"; sourceTree = "<group>"; };
		03DC2F6E2BE82ACD0097B963 /* ReuseIdentifiable+Extension.swift */ = {isa = PBXFileReference; lastKnownFileType = sourcecode.swift; path = "ReuseIdentifiable+Extension.swift"; sourceTree = "<group>"; };
		03DC2F712BE847C50097B963 /* MockMissionListService.swift */ = {isa = PBXFileReference; lastKnownFileType = sourcecode.swift; path = MockMissionListService.swift; sourceTree = "<group>"; };
		03DC2F742BE8488C0097B963 /* mockJSON.json */ = {isa = PBXFileReference; lastKnownFileType = text.json; path = mockJSON.json; sourceTree = "<group>"; };
		03DC2F782BE849610097B963 /* MissionListServiceTest.swift */ = {isa = PBXFileReference; lastKnownFileType = sourcecode.swift; path = MissionListServiceTest.swift; sourceTree = "<group>"; };
		03DC2F7B2BE8511B0097B963 /* UserDefaultsStorageTest.swift */ = {isa = PBXFileReference; lastKnownFileType = sourcecode.swift; path = UserDefaultsStorageTest.swift; sourceTree = "<group>"; };
		03EC52712BE4CEB7006BD0BE /* Coordinator.swift */ = {isa = PBXFileReference; lastKnownFileType = sourcecode.swift; path = Coordinator.swift; sourceTree = "<group>"; };
		03EC52732BE4CFAF006BD0BE /* MissionCoordinator.swift */ = {isa = PBXFileReference; lastKnownFileType = sourcecode.swift; path = MissionCoordinator.swift; sourceTree = "<group>"; };
/* End PBXFileReference section */

/* Begin PBXFrameworksBuildPhase section */
		033CE97D2BE15AD000FFE279 /* Frameworks */ = {
			isa = PBXFrameworksBuildPhase;
			buildActionMask = 2147483647;
			files = (
			);
			runOnlyForDeploymentPostprocessing = 0;
		};
		033CE9932BE15AD200FFE279 /* Frameworks */ = {
			isa = PBXFrameworksBuildPhase;
			buildActionMask = 2147483647;
			files = (
			);
			runOnlyForDeploymentPostprocessing = 0;
		};
		033CE99D2BE15AD200FFE279 /* Frameworks */ = {
			isa = PBXFrameworksBuildPhase;
			buildActionMask = 2147483647;
			files = (
			);
			runOnlyForDeploymentPostprocessing = 0;
		};
/* End PBXFrameworksBuildPhase section */

/* Begin PBXGroup section */
		033CE9772BE15AD000FFE279 = {
			isa = PBXGroup;
			children = (
				033CE9822BE15AD000FFE279 /* SpaceXLaunches */,
				033CE9992BE15AD200FFE279 /* SpaceXLaunchesTests */,
				033CE9A32BE15AD200FFE279 /* SpaceXLaunchesUITests */,
				033CE9812BE15AD000FFE279 /* Products */,
			);
			sourceTree = "<group>";
		};
		033CE9812BE15AD000FFE279 /* Products */ = {
			isa = PBXGroup;
			children = (
				033CE9802BE15AD000FFE279 /* SpaceXLaunches.app */,
				033CE9962BE15AD200FFE279 /* SpaceXLaunchesTests.xctest */,
				033CE9A02BE15AD200FFE279 /* SpaceXLaunchesUITests.xctest */,
			);
			name = Products;
			sourceTree = "<group>";
		};
		033CE9822BE15AD000FFE279 /* SpaceXLaunches */ = {
			isa = PBXGroup;
			children = (
				03DC2F602BE570C30097B963 /* Storage */,
				03EC52702BE4CEA7006BD0BE /* Coordinator */,
				0390F6372BE4463500800291 /* Common */,
				033CE9D02BE1750B00FFE279 /* Constants */,
				033CE9B92BE15BB000FFE279 /* Enumerations */,
				033CE9FB2BE188B900FFE279 /* Extensions */,
				033CE9B52BE15B9C00FFE279 /* Network */,
				033CE9B42BE15B1400FFE279 /* Resources */,
				033CE9B32BE15B0100FFE279 /* Startup */,
				0390F62B2BE436DA00800291 /* Application */,
			);
			path = SpaceXLaunches;
			sourceTree = "<group>";
		};
		033CE9992BE15AD200FFE279 /* SpaceXLaunchesTests */ = {
			isa = PBXGroup;
			children = (
				03DC2F7A2BE850EC0097B963 /* StorageTest */,
				03DC2F732BE848740097B963 /* MockModel */,
				03DC2F702BE847970097B963 /* MissionServiceTest */,
			);
			path = SpaceXLaunchesTests;
			sourceTree = "<group>";
		};
		033CE9A32BE15AD200FFE279 /* SpaceXLaunchesUITests */ = {
			isa = PBXGroup;
			children = (
				033CE9A42BE15AD200FFE279 /* SpaceXLaunchesUITests.swift */,
				033CE9A62BE15AD200FFE279 /* SpaceXLaunchesUITestsLaunchTests.swift */,
			);
			path = SpaceXLaunchesUITests;
			sourceTree = "<group>";
		};
		033CE9B32BE15B0100FFE279 /* Startup */ = {
			isa = PBXGroup;
			children = (
				033CE9832BE15AD000FFE279 /* AppDelegate.swift */,
				033CE9852BE15AD000FFE279 /* SceneDelegate.swift */,
			);
			path = Startup;
			sourceTree = "<group>";
		};
		033CE9B42BE15B1400FFE279 /* Resources */ = {
			isa = PBXGroup;
			children = (
				033CE9CA2BE15DCD00FFE279 /* Configuration.plist */,
				033CE98C2BE15AD200FFE279 /* Assets.xcassets */,
				033CE98E2BE15AD200FFE279 /* LaunchScreen.storyboard */,
				033CE9912BE15AD200FFE279 /* Info.plist */,
			);
			path = Resources;
			sourceTree = "<group>";
		};
		033CE9B52BE15B9C00FFE279 /* Network */ = {
			isa = PBXGroup;
			children = (
				033CE9B62BE15BA900FFE279 /* Network.swift */,
				033CE9BF2BE15C1100FFE279 /* APIHandler.swift */,
				033CE9C12BE15C2D00FFE279 /* ResponseHandler.swift */,
				033CE9CC2BE169A200FFE279 /* Configuration.swift */,
				033CE9D32BE1768000FFE279 /* HTTPMethod.swift */,
				033CE9D52BE1770100FFE279 /* APIClient.swift */,
				033CE9D72BE1771A00FFE279 /* APIEndpoint.swift */,
			);
			path = Network;
			sourceTree = "<group>";
		};
		033CE9B82BE15BAD00FFE279 /* Models */ = {
			isa = PBXGroup;
			children = (
				033CE9DC2BE17DEB00FFE279 /* Cores.swift */,
				033CE9E22BE17DEC00FFE279 /* Crew.swift */,
				033CE9DD2BE17DEB00FFE279 /* Docs.swift */,
				033CEA002BE1A2E300FFE279 /* Failures.swift */,
				033CE9FE2BE1A1E400FFE279 /* Fairings.swift */,
				033CE9DF2BE17DEC00FFE279 /* Flickr.swift */,
				033CE9DB2BE17DEB00FFE279 /* Launches.swift */,
				033CE9E02BE17DEC00FFE279 /* Links.swift */,
				033CE9F42BE1827900FFE279 /* Options.swift */,
				033CE9DE2BE17DEC00FFE279 /* Patch.swift */,
				033CE9F32BE1827900FFE279 /* Query.swift */,
				033CE9F22BE1827900FFE279 /* QueryDTO.swift */,
				033CE9E12BE17DEC00FFE279 /* Reddit.swift */,
				033CE9F12BE1827900FFE279 /* Sort.swift */,
			);
			path = Models;
			sourceTree = "<group>";
		};
		033CE9B92BE15BB000FFE279 /* Enumerations */ = {
			isa = PBXGroup;
			children = (
				033CE9BB2BE15BDF00FFE279 /* Paths.swift */,
				033CE9BD2BE15BF000FFE279 /* NetworkError.swift */,
			);
			path = Enumerations;
			sourceTree = "<group>";
		};
		033CE9BA2BE15BC700FFE279 /* Services */ = {
			isa = PBXGroup;
			children = (
				033CE9EB2BE1809600FFE279 /* LaunchesListService.swift */,
				033CE9ED2BE180C500FFE279 /* LaunchesAPI.swift */,
			);
			path = Services;
			sourceTree = "<group>";
		};
		033CE9C32BE15C5800FFE279 /* Views */ = {
			isa = PBXGroup;
			children = (
				033CE9C72BE15D1100FFE279 /* MissionListViewController.swift */,
				03DC2F6B2BE829F30097B963 /* Cells */,
			);
			path = Views;
			sourceTree = "<group>";
		};
		033CE9C42BE15C6200FFE279 /* ViewModels */ = {
			isa = PBXGroup;
			children = (
				033CE9CE2BE16BF100FFE279 /* MissionListViewModel.swift */,
			);
			path = ViewModels;
			sourceTree = "<group>";
		};
		033CE9D02BE1750B00FFE279 /* Constants */ = {
			isa = PBXGroup;
			children = (
				033CE9D12BE1751D00FFE279 /* Constants.swift */,
			);
			path = Constants;
			sourceTree = "<group>";
		};
		033CE9FB2BE188B900FFE279 /* Extensions */ = {
			isa = PBXGroup;
			children = (
				03DC2F672BE808670097B963 /* CombineCompatible+Extension.swift */,
				033CE9FC2BE19A0700FFE279 /* Dictionary+Extension.swift */,
				033CE9F92BE1866600FFE279 /* Encodable+Extension.swift */,
				03DC2F6E2BE82ACD0097B963 /* ReuseIdentifiable+Extension.swift */,
				0390F6382BE450ED00800291 /* String+Extension.swift */,
				03DC2F652BE7FE2E0097B963 /* UIImageView+Extension.swift */,
				0390F6322BE43E4800800291 /* UIView+Extension.swift */,
			);
			path = Extensions;
			sourceTree = "<group>";
		};
		0390F62B2BE436DA00800291 /* Application */ = {
			isa = PBXGroup;
			children = (
				033CE9B82BE15BAD00FFE279 /* Models */,
				0390F62D2BE436FF00800291 /* MissionDetails */,
				0390F62C2BE436E900800291 /* MissionList */,
			);
			path = Application;
			sourceTree = "<group>";
		};
		0390F62C2BE436E900800291 /* MissionList */ = {
			isa = PBXGroup;
			children = (
				03DC2F6D2BE82A760097B963 /* Coordinator */,
				033CE9BA2BE15BC700FFE279 /* Services */,
				033CE9C42BE15C6200FFE279 /* ViewModels */,
				033CE9C32BE15C5800FFE279 /* Views */,
			);
			path = MissionList;
			sourceTree = "<group>";
		};
		0390F62D2BE436FF00800291 /* MissionDetails */ = {
			isa = PBXGroup;
			children = (
				03DC2F6C2BE82A250097B963 /* Services */,
				03DC2F6A2BE829CC0097B963 /* View */,
				03DC2F692BE829BE0097B963 /* ViewModel */,
			);
			path = MissionDetails;
			sourceTree = "<group>";
		};
		0390F6372BE4463500800291 /* Common */ = {
			isa = PBXGroup;
			children = (
				0390F6352BE4462400800291 /* ReusableIdentifiable.swift */,
			);
			path = Common;
			sourceTree = "<group>";
		};
		03DC2F602BE570C30097B963 /* Storage */ = {
			isa = PBXGroup;
			children = (
				03DC2F612BE570D10097B963 /* Storage.swift */,
				03DC2F632BE570F10097B963 /* UserDefaultsStorage.swift */,
			);
			path = Storage;
			sourceTree = "<group>";
		};
		03DC2F692BE829BE0097B963 /* ViewModel */ = {
			isa = PBXGroup;
			children = (
				0390F6302BE4373800800291 /* MissionDetailsViewModel.swift */,
			);
			path = ViewModel;
			sourceTree = "<group>";
		};
		03DC2F6A2BE829CC0097B963 /* View */ = {
			isa = PBXGroup;
			children = (
				0390F62E2BE4371E00800291 /* MissionDetailsViewController.swift */,
			);
			path = View;
			sourceTree = "<group>";
		};
		03DC2F6B2BE829F30097B963 /* Cells */ = {
			isa = PBXGroup;
			children = (
				0390F6292BE432CC00800291 /* MissionTableViewCell.swift */,
			);
			path = Cells;
			sourceTree = "<group>";
		};
		03DC2F6C2BE82A250097B963 /* Services */ = {
			isa = PBXGroup;
			children = (
				03DC2F5E2BE554930097B963 /* MissionDetailsService.swift */,
			);
			path = Services;
			sourceTree = "<group>";
		};
		03DC2F6D2BE82A760097B963 /* Coordinator */ = {
			isa = PBXGroup;
			children = (
				03EC52732BE4CFAF006BD0BE /* MissionCoordinator.swift */,
			);
			path = Coordinator;
			sourceTree = "<group>";
		};
		03DC2F702BE847970097B963 /* MissionServiceTest */ = {
			isa = PBXGroup;
			children = (
				03DC2F712BE847C50097B963 /* MockMissionListService.swift */,
				03DC2F782BE849610097B963 /* MissionListServiceTest.swift */,
			);
			path = MissionServiceTest;
			sourceTree = "<group>";
		};
		03DC2F732BE848740097B963 /* MockModel */ = {
			isa = PBXGroup;
			children = (
				03DC2F742BE8488C0097B963 /* mockJSON.json */,
			);
			path = MockModel;
			sourceTree = "<group>";
		};
		03DC2F7A2BE850EC0097B963 /* StorageTest */ = {
			isa = PBXGroup;
			children = (
				03DC2F7B2BE8511B0097B963 /* UserDefaultsStorageTest.swift */,
			);
			path = StorageTest;
			sourceTree = "<group>";
		};
		03EC52702BE4CEA7006BD0BE /* Coordinator */ = {
			isa = PBXGroup;
			children = (
				03EC52712BE4CEB7006BD0BE /* Coordinator.swift */,
			);
			path = Coordinator;
			sourceTree = "<group>";
		};
/* End PBXGroup section */

/* Begin PBXNativeTarget section */
		033CE97F2BE15AD000FFE279 /* SpaceXLaunches */ = {
			isa = PBXNativeTarget;
			buildConfigurationList = 033CE9AA2BE15AD200FFE279 /* Build configuration list for PBXNativeTarget "SpaceXLaunches" */;
			buildPhases = (
				033CE97C2BE15AD000FFE279 /* Sources */,
				033CE97D2BE15AD000FFE279 /* Frameworks */,
				033CE97E2BE15AD000FFE279 /* Resources */,
			);
			buildRules = (
			);
			dependencies = (
			);
			name = SpaceXLaunches;
			productName = SpaceXLaunches;
			productReference = 033CE9802BE15AD000FFE279 /* SpaceXLaunches.app */;
			productType = "com.apple.product-type.application";
		};
		033CE9952BE15AD200FFE279 /* SpaceXLaunchesTests */ = {
			isa = PBXNativeTarget;
			buildConfigurationList = 033CE9AD2BE15AD200FFE279 /* Build configuration list for PBXNativeTarget "SpaceXLaunchesTests" */;
			buildPhases = (
				033CE9922BE15AD200FFE279 /* Sources */,
				033CE9932BE15AD200FFE279 /* Frameworks */,
				033CE9942BE15AD200FFE279 /* Resources */,
			);
			buildRules = (
			);
			dependencies = (
				033CE9982BE15AD200FFE279 /* PBXTargetDependency */,
			);
			name = SpaceXLaunchesTests;
			productName = SpaceXLaunchesTests;
			productReference = 033CE9962BE15AD200FFE279 /* SpaceXLaunchesTests.xctest */;
			productType = "com.apple.product-type.bundle.unit-test";
		};
		033CE99F2BE15AD200FFE279 /* SpaceXLaunchesUITests */ = {
			isa = PBXNativeTarget;
			buildConfigurationList = 033CE9B02BE15AD200FFE279 /* Build configuration list for PBXNativeTarget "SpaceXLaunchesUITests" */;
			buildPhases = (
				033CE99C2BE15AD200FFE279 /* Sources */,
				033CE99D2BE15AD200FFE279 /* Frameworks */,
				033CE99E2BE15AD200FFE279 /* Resources */,
			);
			buildRules = (
			);
			dependencies = (
				033CE9A22BE15AD200FFE279 /* PBXTargetDependency */,
			);
			name = SpaceXLaunchesUITests;
			productName = SpaceXLaunchesUITests;
			productReference = 033CE9A02BE15AD200FFE279 /* SpaceXLaunchesUITests.xctest */;
			productType = "com.apple.product-type.bundle.ui-testing";
		};
/* End PBXNativeTarget section */

/* Begin PBXProject section */
		033CE9782BE15AD000FFE279 /* Project object */ = {
			isa = PBXProject;
			attributes = {
				BuildIndependentTargetsInParallel = 1;
				LastSwiftUpdateCheck = 1530;
				LastUpgradeCheck = 1530;
				TargetAttributes = {
					033CE97F2BE15AD000FFE279 = {
						CreatedOnToolsVersion = 15.3;
					};
					033CE9952BE15AD200FFE279 = {
						CreatedOnToolsVersion = 15.3;
						LastSwiftMigration = 1530;
						TestTargetID = 033CE97F2BE15AD000FFE279;
					};
					033CE99F2BE15AD200FFE279 = {
						CreatedOnToolsVersion = 15.3;
						TestTargetID = 033CE97F2BE15AD000FFE279;
					};
				};
			};
			buildConfigurationList = 033CE97B2BE15AD000FFE279 /* Build configuration list for PBXProject "SpaceXLaunches" */;
			compatibilityVersion = "Xcode 14.0";
			developmentRegion = en;
			hasScannedForEncodings = 0;
			knownRegions = (
				en,
				Base,
			);
			mainGroup = 033CE9772BE15AD000FFE279;
			productRefGroup = 033CE9812BE15AD000FFE279 /* Products */;
			projectDirPath = "";
			projectRoot = "";
			targets = (
				033CE97F2BE15AD000FFE279 /* SpaceXLaunches */,
				033CE9952BE15AD200FFE279 /* SpaceXLaunchesTests */,
				033CE99F2BE15AD200FFE279 /* SpaceXLaunchesUITests */,
			);
		};
/* End PBXProject section */

/* Begin PBXResourcesBuildPhase section */
		033CE97E2BE15AD000FFE279 /* Resources */ = {
			isa = PBXResourcesBuildPhase;
			buildActionMask = 2147483647;
			files = (
				033CE9CB2BE15DCD00FFE279 /* Configuration.plist in Resources */,
				033CE98D2BE15AD200FFE279 /* Assets.xcassets in Resources */,
				033CE9902BE15AD200FFE279 /* Base in Resources */,
			);
			runOnlyForDeploymentPostprocessing = 0;
		};
		033CE9942BE15AD200FFE279 /* Resources */ = {
			isa = PBXResourcesBuildPhase;
			buildActionMask = 2147483647;
			files = (
				03DC2F752BE8488C0097B963 /* mockJSON.json in Resources */,
			);
			runOnlyForDeploymentPostprocessing = 0;
		};
		033CE99E2BE15AD200FFE279 /* Resources */ = {
			isa = PBXResourcesBuildPhase;
			buildActionMask = 2147483647;
			files = (
			);
			runOnlyForDeploymentPostprocessing = 0;
		};
/* End PBXResourcesBuildPhase section */

/* Begin PBXSourcesBuildPhase section */
		033CE97C2BE15AD000FFE279 /* Sources */ = {
			isa = PBXSourcesBuildPhase;
			buildActionMask = 2147483647;
			files = (
				033CE9842BE15AD000FFE279 /* AppDelegate.swift in Sources */,
				033CE9D22BE1751D00FFE279 /* Constants.swift in Sources */,
				03EC52722BE4CEB7006BD0BE /* Coordinator.swift in Sources */,
				033CE9E42BE17DEC00FFE279 /* Cores.swift in Sources */,
				033CE9EC2BE1809600FFE279 /* LaunchesListService.swift in Sources */,
				0390F62A2BE432CC00800291 /* MissionTableViewCell.swift in Sources */,
				033CE9862BE15AD000FFE279 /* SceneDelegate.swift in Sources */,
				033CE9E52BE17DEC00FFE279 /* Docs.swift in Sources */,
				03DC2F5F2BE554930097B963 /* MissionDetailsService.swift in Sources */,
				033CEA012BE1A2E300FFE279 /* Failures.swift in Sources */,
				033CE9BC2BE15BDF00FFE279 /* Paths.swift in Sources */,
				033CE9E72BE17DEC00FFE279 /* Flickr.swift in Sources */,
				033CE9F72BE1827900FFE279 /* Query.swift in Sources */,
				033CE9CD2BE169A200FFE279 /* Configuration.swift in Sources */,
				033CE9EE2BE180C500FFE279 /* LaunchesAPI.swift in Sources */,
				033CE9C02BE15C1100FFE279 /* APIHandler.swift in Sources */,
				0390F6362BE4462400800291 /* ReusableIdentifiable.swift in Sources */,
				033CE9B72BE15BA900FFE279 /* Network.swift in Sources */,
				03DC2F662BE7FE2E0097B963 /* UIImageView+Extension.swift in Sources */,
				0390F6312BE4373800800291 /* MissionDetailsViewModel.swift in Sources */,
				033CE9E92BE17DEC00FFE279 /* Reddit.swift in Sources */,
				0390F62F2BE4371E00800291 /* MissionDetailsViewController.swift in Sources */,
				033CE9D82BE1771A00FFE279 /* APIEndpoint.swift in Sources */,
				033CE9E32BE17DEC00FFE279 /* Launches.swift in Sources */,
				033CE9BE2BE15BF000FFE279 /* NetworkError.swift in Sources */,
				0390F6392BE450ED00800291 /* String+Extension.swift in Sources */,
				033CE9EA2BE17DEC00FFE279 /* Crew.swift in Sources */,
				03EC52742BE4CFAF006BD0BE /* MissionCoordinator.swift in Sources */,
				033CE9D42BE1768000FFE279 /* HTTPMethod.swift in Sources */,
				033CE9D62BE1770100FFE279 /* APIClient.swift in Sources */,
				03DC2F642BE570F10097B963 /* UserDefaultsStorage.swift in Sources */,
				03DC2F622BE570D10097B963 /* Storage.swift in Sources */,
				033CE9FD2BE19A0700FFE279 /* Dictionary+Extension.swift in Sources */,
				033CE9E82BE17DEC00FFE279 /* Links.swift in Sources */,
				033CE9F62BE1827900FFE279 /* QueryDTO.swift in Sources */,
				033CE9FF2BE1A1E400FFE279 /* Fairings.swift in Sources */,
				03DC2F682BE808670097B963 /* CombineCompatible+Extension.swift in Sources */,
				033CE9C22BE15C2D00FFE279 /* ResponseHandler.swift in Sources */,
				033CE9C82BE15D1100FFE279 /* MissionListViewController.swift in Sources */,
				0390F6332BE43E4800800291 /* UIView+Extension.swift in Sources */,
				03DC2F6F2BE82ACD0097B963 /* ReuseIdentifiable+Extension.swift in Sources */,
				033CE9E62BE17DEC00FFE279 /* Patch.swift in Sources */,
				033CE9CF2BE16BF100FFE279 /* MissionListViewModel.swift in Sources */,
				033CE9F52BE1827900FFE279 /* Sort.swift in Sources */,
				033CE9FA2BE1866600FFE279 /* Encodable+Extension.swift in Sources */,
				033CE9F82BE1827900FFE279 /* Options.swift in Sources */,
			);
			runOnlyForDeploymentPostprocessing = 0;
		};
		033CE9922BE15AD200FFE279 /* Sources */ = {
			isa = PBXSourcesBuildPhase;
			buildActionMask = 2147483647;
			files = (
				03DC2F792BE849610097B963 /* MissionListServiceTest.swift in Sources */,
				03DC2F722BE847C50097B963 /* MockMissionListService.swift in Sources */,
				03DC2F7C2BE8511B0097B963 /* UserDefaultsStorageTest.swift in Sources */,
			);
			runOnlyForDeploymentPostprocessing = 0;
		};
		033CE99C2BE15AD200FFE279 /* Sources */ = {
			isa = PBXSourcesBuildPhase;
			buildActionMask = 2147483647;
			files = (
				033CE9A52BE15AD200FFE279 /* SpaceXLaunchesUITests.swift in Sources */,
				033CE9A72BE15AD200FFE279 /* SpaceXLaunchesUITestsLaunchTests.swift in Sources */,
			);
			runOnlyForDeploymentPostprocessing = 0;
		};
/* End PBXSourcesBuildPhase section */

/* Begin PBXTargetDependency section */
		033CE9982BE15AD200FFE279 /* PBXTargetDependency */ = {
			isa = PBXTargetDependency;
			target = 033CE97F2BE15AD000FFE279 /* SpaceXLaunches */;
			targetProxy = 033CE9972BE15AD200FFE279 /* PBXContainerItemProxy */;
		};
		033CE9A22BE15AD200FFE279 /* PBXTargetDependency */ = {
			isa = PBXTargetDependency;
			target = 033CE97F2BE15AD000FFE279 /* SpaceXLaunches */;
			targetProxy = 033CE9A12BE15AD200FFE279 /* PBXContainerItemProxy */;
		};
/* End PBXTargetDependency section */

/* Begin PBXVariantGroup section */
		033CE98E2BE15AD200FFE279 /* LaunchScreen.storyboard */ = {
			isa = PBXVariantGroup;
			children = (
				033CE98F2BE15AD200FFE279 /* Base */,
			);
			name = LaunchScreen.storyboard;
			sourceTree = "<group>";
		};
/* End PBXVariantGroup section */

/* Begin XCBuildConfiguration section */
		033CE9A82BE15AD200FFE279 /* Debug */ = {
			isa = XCBuildConfiguration;
			buildSettings = {
				ALWAYS_SEARCH_USER_PATHS = NO;
				ASSETCATALOG_COMPILER_GENERATE_SWIFT_ASSET_SYMBOL_EXTENSIONS = YES;
				CLANG_ANALYZER_NONNULL = YES;
				CLANG_ANALYZER_NUMBER_OBJECT_CONVERSION = YES_AGGRESSIVE;
				CLANG_CXX_LANGUAGE_STANDARD = "gnu++20";
				CLANG_ENABLE_MODULES = YES;
				CLANG_ENABLE_OBJC_ARC = YES;
				CLANG_ENABLE_OBJC_WEAK = YES;
				CLANG_WARN_BLOCK_CAPTURE_AUTORELEASING = YES;
				CLANG_WARN_BOOL_CONVERSION = YES;
				CLANG_WARN_COMMA = YES;
				CLANG_WARN_CONSTANT_CONVERSION = YES;
				CLANG_WARN_DEPRECATED_OBJC_IMPLEMENTATIONS = YES;
				CLANG_WARN_DIRECT_OBJC_ISA_USAGE = YES_ERROR;
				CLANG_WARN_DOCUMENTATION_COMMENTS = YES;
				CLANG_WARN_EMPTY_BODY = YES;
				CLANG_WARN_ENUM_CONVERSION = YES;
				CLANG_WARN_INFINITE_RECURSION = YES;
				CLANG_WARN_INT_CONVERSION = YES;
				CLANG_WARN_NON_LITERAL_NULL_CONVERSION = YES;
				CLANG_WARN_OBJC_IMPLICIT_RETAIN_SELF = YES;
				CLANG_WARN_OBJC_LITERAL_CONVERSION = YES;
				CLANG_WARN_OBJC_ROOT_CLASS = YES_ERROR;
				CLANG_WARN_QUOTED_INCLUDE_IN_FRAMEWORK_HEADER = YES;
				CLANG_WARN_RANGE_LOOP_ANALYSIS = YES;
				CLANG_WARN_STRICT_PROTOTYPES = YES;
				CLANG_WARN_SUSPICIOUS_MOVE = YES;
				CLANG_WARN_UNGUARDED_AVAILABILITY = YES_AGGRESSIVE;
				CLANG_WARN_UNREACHABLE_CODE = YES;
				CLANG_WARN__DUPLICATE_METHOD_MATCH = YES;
				COPY_PHASE_STRIP = NO;
				DEBUG_INFORMATION_FORMAT = dwarf;
				ENABLE_STRICT_OBJC_MSGSEND = YES;
				ENABLE_TESTABILITY = YES;
				ENABLE_USER_SCRIPT_SANDBOXING = YES;
				GCC_C_LANGUAGE_STANDARD = gnu17;
				GCC_DYNAMIC_NO_PIC = NO;
				GCC_NO_COMMON_BLOCKS = YES;
				GCC_OPTIMIZATION_LEVEL = 0;
				GCC_PREPROCESSOR_DEFINITIONS = (
					"DEBUG=1",
					"$(inherited)",
				);
				GCC_WARN_64_TO_32_BIT_CONVERSION = YES;
				GCC_WARN_ABOUT_RETURN_TYPE = YES_ERROR;
				GCC_WARN_UNDECLARED_SELECTOR = YES;
				GCC_WARN_UNINITIALIZED_AUTOS = YES_AGGRESSIVE;
				GCC_WARN_UNUSED_FUNCTION = YES;
				GCC_WARN_UNUSED_VARIABLE = YES;
				IPHONEOS_DEPLOYMENT_TARGET = 17.4;
				LOCALIZATION_PREFERS_STRING_CATALOGS = YES;
				MTL_ENABLE_DEBUG_INFO = INCLUDE_SOURCE;
				MTL_FAST_MATH = YES;
				ONLY_ACTIVE_ARCH = YES;
				SDKROOT = iphoneos;
				SWIFT_ACTIVE_COMPILATION_CONDITIONS = "DEBUG $(inherited)";
				SWIFT_OPTIMIZATION_LEVEL = "-Onone";
			};
			name = Debug;
		};
		033CE9A92BE15AD200FFE279 /* Release */ = {
			isa = XCBuildConfiguration;
			buildSettings = {
				ALWAYS_SEARCH_USER_PATHS = NO;
				ASSETCATALOG_COMPILER_GENERATE_SWIFT_ASSET_SYMBOL_EXTENSIONS = YES;
				CLANG_ANALYZER_NONNULL = YES;
				CLANG_ANALYZER_NUMBER_OBJECT_CONVERSION = YES_AGGRESSIVE;
				CLANG_CXX_LANGUAGE_STANDARD = "gnu++20";
				CLANG_ENABLE_MODULES = YES;
				CLANG_ENABLE_OBJC_ARC = YES;
				CLANG_ENABLE_OBJC_WEAK = YES;
				CLANG_WARN_BLOCK_CAPTURE_AUTORELEASING = YES;
				CLANG_WARN_BOOL_CONVERSION = YES;
				CLANG_WARN_COMMA = YES;
				CLANG_WARN_CONSTANT_CONVERSION = YES;
				CLANG_WARN_DEPRECATED_OBJC_IMPLEMENTATIONS = YES;
				CLANG_WARN_DIRECT_OBJC_ISA_USAGE = YES_ERROR;
				CLANG_WARN_DOCUMENTATION_COMMENTS = YES;
				CLANG_WARN_EMPTY_BODY = YES;
				CLANG_WARN_ENUM_CONVERSION = YES;
				CLANG_WARN_INFINITE_RECURSION = YES;
				CLANG_WARN_INT_CONVERSION = YES;
				CLANG_WARN_NON_LITERAL_NULL_CONVERSION = YES;
				CLANG_WARN_OBJC_IMPLICIT_RETAIN_SELF = YES;
				CLANG_WARN_OBJC_LITERAL_CONVERSION = YES;
				CLANG_WARN_OBJC_ROOT_CLASS = YES_ERROR;
				CLANG_WARN_QUOTED_INCLUDE_IN_FRAMEWORK_HEADER = YES;
				CLANG_WARN_RANGE_LOOP_ANALYSIS = YES;
				CLANG_WARN_STRICT_PROTOTYPES = YES;
				CLANG_WARN_SUSPICIOUS_MOVE = YES;
				CLANG_WARN_UNGUARDED_AVAILABILITY = YES_AGGRESSIVE;
				CLANG_WARN_UNREACHABLE_CODE = YES;
				CLANG_WARN__DUPLICATE_METHOD_MATCH = YES;
				COPY_PHASE_STRIP = NO;
				DEBUG_INFORMATION_FORMAT = "dwarf-with-dsym";
				ENABLE_NS_ASSERTIONS = NO;
				ENABLE_STRICT_OBJC_MSGSEND = YES;
				ENABLE_USER_SCRIPT_SANDBOXING = YES;
				GCC_C_LANGUAGE_STANDARD = gnu17;
				GCC_NO_COMMON_BLOCKS = YES;
				GCC_WARN_64_TO_32_BIT_CONVERSION = YES;
				GCC_WARN_ABOUT_RETURN_TYPE = YES_ERROR;
				GCC_WARN_UNDECLARED_SELECTOR = YES;
				GCC_WARN_UNINITIALIZED_AUTOS = YES_AGGRESSIVE;
				GCC_WARN_UNUSED_FUNCTION = YES;
				GCC_WARN_UNUSED_VARIABLE = YES;
				IPHONEOS_DEPLOYMENT_TARGET = 17.4;
				LOCALIZATION_PREFERS_STRING_CATALOGS = YES;
				MTL_ENABLE_DEBUG_INFO = NO;
				MTL_FAST_MATH = YES;
				SDKROOT = iphoneos;
				SWIFT_COMPILATION_MODE = wholemodule;
				VALIDATE_PRODUCT = YES;
			};
			name = Release;
		};
		033CE9AB2BE15AD200FFE279 /* Debug */ = {
			isa = XCBuildConfiguration;
			buildSettings = {
				ASSETCATALOG_COMPILER_APPICON_NAME = AppIcon;
				ASSETCATALOG_COMPILER_GLOBAL_ACCENT_COLOR_NAME = AccentColor;
				CODE_SIGN_STYLE = Automatic;
				CURRENT_PROJECT_VERSION = 1;
				DEVELOPMENT_TEAM = Z76K2Q3HH9;
				GENERATE_INFOPLIST_FILE = YES;
				INFOPLIST_FILE = SpaceXLaunches/Resources/Info.plist;
				INFOPLIST_KEY_UIApplicationSupportsIndirectInputEvents = YES;
				INFOPLIST_KEY_UILaunchStoryboardName = LaunchScreen;
				INFOPLIST_KEY_UISupportedInterfaceOrientations_iPad = "UIInterfaceOrientationPortrait UIInterfaceOrientationPortraitUpsideDown UIInterfaceOrientationLandscapeLeft UIInterfaceOrientationLandscapeRight";
				INFOPLIST_KEY_UISupportedInterfaceOrientations_iPhone = "UIInterfaceOrientationPortrait UIInterfaceOrientationLandscapeLeft UIInterfaceOrientationLandscapeRight";
				IPHONEOS_DEPLOYMENT_TARGET = 16.0;
				LD_RUNPATH_SEARCH_PATHS = (
					"$(inherited)",
					"@executable_path/Frameworks",
				);
				MARKETING_VERSION = 1.0;
				PRODUCT_BUNDLE_IDENTIFIER = com.sehosseini.SpaceXLaunches;
				PRODUCT_NAME = "$(TARGET_NAME)";
				SWIFT_EMIT_LOC_STRINGS = YES;
				SWIFT_VERSION = 5.0;
				TARGETED_DEVICE_FAMILY = "1,2";
			};
			name = Debug;
		};
		033CE9AC2BE15AD200FFE279 /* Release */ = {
			isa = XCBuildConfiguration;
			buildSettings = {
				ASSETCATALOG_COMPILER_APPICON_NAME = AppIcon;
				ASSETCATALOG_COMPILER_GLOBAL_ACCENT_COLOR_NAME = AccentColor;
				CODE_SIGN_STYLE = Automatic;
				CURRENT_PROJECT_VERSION = 1;
				DEVELOPMENT_TEAM = Z76K2Q3HH9;
				GENERATE_INFOPLIST_FILE = YES;
				INFOPLIST_FILE = SpaceXLaunches/Resources/Info.plist;
				INFOPLIST_KEY_UIApplicationSupportsIndirectInputEvents = YES;
				INFOPLIST_KEY_UILaunchStoryboardName = LaunchScreen;
				INFOPLIST_KEY_UISupportedInterfaceOrientations_iPad = "UIInterfaceOrientationPortrait UIInterfaceOrientationPortraitUpsideDown UIInterfaceOrientationLandscapeLeft UIInterfaceOrientationLandscapeRight";
				INFOPLIST_KEY_UISupportedInterfaceOrientations_iPhone = "UIInterfaceOrientationPortrait UIInterfaceOrientationLandscapeLeft UIInterfaceOrientationLandscapeRight";
				IPHONEOS_DEPLOYMENT_TARGET = 16.0;
				LD_RUNPATH_SEARCH_PATHS = (
					"$(inherited)",
					"@executable_path/Frameworks",
				);
				MARKETING_VERSION = 1.0;
				PRODUCT_BUNDLE_IDENTIFIER = com.sehosseini.SpaceXLaunches;
				PRODUCT_NAME = "$(TARGET_NAME)";
				SWIFT_EMIT_LOC_STRINGS = YES;
				SWIFT_VERSION = 5.0;
				TARGETED_DEVICE_FAMILY = "1,2";
			};
			name = Release;
		};
		033CE9AE2BE15AD200FFE279 /* Debug */ = {
			isa = XCBuildConfiguration;
			buildSettings = {
				ALWAYS_EMBED_SWIFT_STANDARD_LIBRARIES = YES;
				BUNDLE_LOADER = "$(TEST_HOST)";
				CLANG_ENABLE_MODULES = YES;
				CODE_SIGN_STYLE = Automatic;
				CURRENT_PROJECT_VERSION = 1;
				DEVELOPMENT_TEAM = Z76K2Q3HH9;
				GENERATE_INFOPLIST_FILE = YES;
				IPHONEOS_DEPLOYMENT_TARGET = 17.4;
				MARKETING_VERSION = 1.0;
				PRODUCT_BUNDLE_IDENTIFIER = com.sehosseini.SpaceXLaunchesTests;
				PRODUCT_NAME = "$(TARGET_NAME)";
				SWIFT_EMIT_LOC_STRINGS = NO;
				SWIFT_OPTIMIZATION_LEVEL = "-Onone";
				SWIFT_VERSION = 5.0;
				TARGETED_DEVICE_FAMILY = "1,2";
				TEST_HOST = "$(BUILT_PRODUCTS_DIR)/SpaceXLaunches.app/$(BUNDLE_EXECUTABLE_FOLDER_PATH)/SpaceXLaunches";
			};
			name = Debug;
		};
		033CE9AF2BE15AD200FFE279 /* Release */ = {
			isa = XCBuildConfiguration;
			buildSettings = {
				ALWAYS_EMBED_SWIFT_STANDARD_LIBRARIES = YES;
				BUNDLE_LOADER = "$(TEST_HOST)";
				CLANG_ENABLE_MODULES = YES;
				CODE_SIGN_STYLE = Automatic;
				CURRENT_PROJECT_VERSION = 1;
				DEVELOPMENT_TEAM = Z76K2Q3HH9;
				GENERATE_INFOPLIST_FILE = YES;
				IPHONEOS_DEPLOYMENT_TARGET = 17.4;
				MARKETING_VERSION = 1.0;
				PRODUCT_BUNDLE_IDENTIFIER = com.sehosseini.SpaceXLaunchesTests;
				PRODUCT_NAME = "$(TARGET_NAME)";
				SWIFT_EMIT_LOC_STRINGS = NO;
				SWIFT_VERSION = 5.0;
				TARGETED_DEVICE_FAMILY = "1,2";
				TEST_HOST = "$(BUILT_PRODUCTS_DIR)/SpaceXLaunches.app/$(BUNDLE_EXECUTABLE_FOLDER_PATH)/SpaceXLaunches";
			};
			name = Release;
		};
		033CE9B12BE15AD200FFE279 /* Debug */ = {
			isa = XCBuildConfiguration;
			buildSettings = {
				ALWAYS_EMBED_SWIFT_STANDARD_LIBRARIES = YES;
				CODE_SIGN_STYLE = Automatic;
				CURRENT_PROJECT_VERSION = 1;
				DEVELOPMENT_TEAM = Z76K2Q3HH9;
				GENERATE_INFOPLIST_FILE = YES;
				MARKETING_VERSION = 1.0;
				PRODUCT_BUNDLE_IDENTIFIER = com.sehosseini.SpaceXLaunchesUITests;
				PRODUCT_NAME = "$(TARGET_NAME)";
				SWIFT_EMIT_LOC_STRINGS = NO;
				SWIFT_VERSION = 5.0;
				TARGETED_DEVICE_FAMILY = "1,2";
				TEST_TARGET_NAME = SpaceXLaunches;
			};
			name = Debug;
		};
		033CE9B22BE15AD200FFE279 /* Release */ = {
			isa = XCBuildConfiguration;
			buildSettings = {
				ALWAYS_EMBED_SWIFT_STANDARD_LIBRARIES = YES;
				CODE_SIGN_STYLE = Automatic;
				CURRENT_PROJECT_VERSION = 1;
				DEVELOPMENT_TEAM = Z76K2Q3HH9;
				GENERATE_INFOPLIST_FILE = YES;
				MARKETING_VERSION = 1.0;
				PRODUCT_BUNDLE_IDENTIFIER = com.sehosseini.SpaceXLaunchesUITests;
				PRODUCT_NAME = "$(TARGET_NAME)";
				SWIFT_EMIT_LOC_STRINGS = NO;
				SWIFT_VERSION = 5.0;
				TARGETED_DEVICE_FAMILY = "1,2";
				TEST_TARGET_NAME = SpaceXLaunches;
			};
			name = Release;
		};
/* End XCBuildConfiguration section */

/* Begin XCConfigurationList section */
		033CE97B2BE15AD000FFE279 /* Build configuration list for PBXProject "SpaceXLaunches" */ = {
			isa = XCConfigurationList;
			buildConfigurations = (
				033CE9A82BE15AD200FFE279 /* Debug */,
				033CE9A92BE15AD200FFE279 /* Release */,
			);
			defaultConfigurationIsVisible = 0;
			defaultConfigurationName = Release;
		};
		033CE9AA2BE15AD200FFE279 /* Build configuration list for PBXNativeTarget "SpaceXLaunches" */ = {
			isa = XCConfigurationList;
			buildConfigurations = (
				033CE9AB2BE15AD200FFE279 /* Debug */,
				033CE9AC2BE15AD200FFE279 /* Release */,
			);
			defaultConfigurationIsVisible = 0;
			defaultConfigurationName = Release;
		};
		033CE9AD2BE15AD200FFE279 /* Build configuration list for PBXNativeTarget "SpaceXLaunchesTests" */ = {
			isa = XCConfigurationList;
			buildConfigurations = (
				033CE9AE2BE15AD200FFE279 /* Debug */,
				033CE9AF2BE15AD200FFE279 /* Release */,
			);
			defaultConfigurationIsVisible = 0;
			defaultConfigurationName = Release;
		};
		033CE9B02BE15AD200FFE279 /* Build configuration list for PBXNativeTarget "SpaceXLaunchesUITests" */ = {
			isa = XCConfigurationList;
			buildConfigurations = (
				033CE9B12BE15AD200FFE279 /* Debug */,
				033CE9B22BE15AD200FFE279 /* Release */,
			);
			defaultConfigurationIsVisible = 0;
			defaultConfigurationName = Release;
		};
/* End XCConfigurationList section */
	};
	rootObject = 033CE9782BE15AD000FFE279 /* Project object */;
}
